
Microsoft Visual Studio Solution File, Format Version 10.00
# Visual C# Express 2008
Project("{FAE04EC0-301F-11D3-BF4B-00C04F79EFBC}") = "fieldDivider", "fieldDivider\fieldDivider.csproj", "{0C23C1BC-DE3B-4CE7-928A-E946DB1A0CDE}"
EndProject
Global
	GlobalSection(SolutionConfigurationPlatforms) = preSolution
		Debug|Any CPU = Debug|Any CPU
		Release|Any CPU = Release|Any CPU
	EndGlobalSection
	GlobalSection(ProjectConfigurationPlatforms) = postSolution
		{0C23C1BC-DE3B-4CE7-928A-E946DB1A0CDE}.Debug|Any CPU.ActiveCfg = Debug|Any CPU
		{0C23C1BC-DE3B-4CE7-928A-E946DB1A0CDE}.Debug|Any CPU.Build.0 = Debug|Any CPU
		{0C23C1BC-DE3B-4CE7-928A-E946DB1A0CDE}.Release|Any CPU.ActiveCfg = Release|Any CPU
		{0C23C1BC-DE3B-4CE7-928A-E946DB1A0CDE}.Release|Any CPU.Build.0 = Release|Any CPU
	EndGlobalSection
	GlobalSection(SolutionProperties) = preSolution
		HideSolutionNode = FALSE
	EndGlobalSection
EndGlobal
